
Microsoft Visual Studio Solution File, Format Version 12.00
# Visual Studio 15
VisualStudioVersion = 15.0.26124.0
MinimumVisualStudioVersion = 15.0.26124.0
Project("{FAE04EC0-301F-11D3-BF4B-00C04F79EFBC}") = "discordbot", "discordbot\discordbot.csproj", "{AC84DD01-CEB0-471E-854D-00E977B5F27E}"
EndProject
Project("{FAE04EC0-301F-11D3-BF4B-00C04F79EFBC}") = "servermanager", "servermanager\servermanager.csproj", "{9868E116-BFDD-4943-B8EF-E995AABBEECA}"
EndProject
Project("{FAE04EC0-301F-11D3-BF4B-00C04F79EFBC}") = "webapp", "webapp\webapp.csproj", "{012C3A6B-4734-4F85-9F60-23633A429223}"
EndProject
Project("{FAE04EC0-301F-11D3-BF4B-00C04F79EFBC}") = "shared", "shared\shared.csproj", "{1932C29F-3AFB-4C61-903F-BAD5DF3BCA3A}"
EndProject
Global
	GlobalSection(SolutionConfigurationPlatforms) = preSolution
		Debug|Any CPU = Debug|Any CPU
		Debug|x64 = Debug|x64
		Debug|x86 = Debug|x86
		Release|Any CPU = Release|Any CPU
		Release|x64 = Release|x64
		Release|x86 = Release|x86
	EndGlobalSection
	GlobalSection(SolutionProperties) = preSolution
		HideSolutionNode = FALSE
	EndGlobalSection
	GlobalSection(ProjectConfigurationPlatforms) = postSolution
		{AC84DD01-CEB0-471E-854D-00E977B5F27E}.Debug|Any CPU.ActiveCfg = Debug|Any CPU
		{AC84DD01-CEB0-471E-854D-00E977B5F27E}.Debug|Any CPU.Build.0 = Debug|Any CPU
		{AC84DD01-CEB0-471E-854D-00E977B5F27E}.Debug|x64.ActiveCfg = Debug|Any CPU
		{AC84DD01-CEB0-471E-854D-00E977B5F27E}.Debug|x64.Build.0 = Debug|Any CPU
		{AC84DD01-CEB0-471E-854D-00E977B5F27E}.Debug|x86.ActiveCfg = Debug|Any CPU
		{AC84DD01-CEB0-471E-854D-00E977B5F27E}.Debug|x86.Build.0 = Debug|Any CPU
		{AC84DD01-CEB0-471E-854D-00E977B5F27E}.Release|Any CPU.ActiveCfg = Release|Any CPU
		{AC84DD01-CEB0-471E-854D-00E977B5F27E}.Release|Any CPU.Build.0 = Release|Any CPU
		{AC84DD01-CEB0-471E-854D-00E977B5F27E}.Release|x64.ActiveCfg = Release|Any CPU
		{AC84DD01-CEB0-471E-854D-00E977B5F27E}.Release|x64.Build.0 = Release|Any CPU
		{AC84DD01-CEB0-471E-854D-00E977B5F27E}.Release|x86.ActiveCfg = Release|Any CPU
		{AC84DD01-CEB0-471E-854D-00E977B5F27E}.Release|x86.Build.0 = Release|Any CPU
		{9868E116-BFDD-4943-B8EF-E995AABBEECA}.Debug|Any CPU.ActiveCfg = Debug|Any CPU
		{9868E116-BFDD-4943-B8EF-E995AABBEECA}.Debug|Any CPU.Build.0 = Debug|Any CPU
		{9868E116-BFDD-4943-B8EF-E995AABBEECA}.Debug|x64.ActiveCfg = Debug|Any CPU
		{9868E116-BFDD-4943-B8EF-E995AABBEECA}.Debug|x64.Build.0 = Debug|Any CPU
		{9868E116-BFDD-4943-B8EF-E995AABBEECA}.Debug|x86.ActiveCfg = Debug|Any CPU
		{9868E116-BFDD-4943-B8EF-E995AABBEECA}.Debug|x86.Build.0 = Debug|Any CPU
		{9868E116-BFDD-4943-B8EF-E995AABBEECA}.Release|Any CPU.ActiveCfg = Release|Any CPU
		{9868E116-BFDD-4943-B8EF-E995AABBEECA}.Release|Any CPU.Build.0 = Release|Any CPU
		{9868E116-BFDD-4943-B8EF-E995AABBEECA}.Release|x64.ActiveCfg = Release|Any CPU
		{9868E116-BFDD-4943-B8EF-E995AABBEECA}.Release|x64.Build.0 = Release|Any CPU
		{9868E116-BFDD-4943-B8EF-E995AABBEECA}.Release|x86.ActiveCfg = Release|Any CPU
		{9868E116-BFDD-4943-B8EF-E995AABBEECA}.Release|x86.Build.0 = Release|Any CPU
		{012C3A6B-4734-4F85-9F60-23633A429223}.Debug|Any CPU.ActiveCfg = Debug|Any CPU
		{012C3A6B-4734-4F85-9F60-23633A429223}.Debug|Any CPU.Build.0 = Debug|Any CPU
		{012C3A6B-4734-4F85-9F60-23633A429223}.Debug|x64.ActiveCfg = Debug|Any CPU
		{012C3A6B-4734-4F85-9F60-23633A429223}.Debug|x64.Build.0 = Debug|Any CPU
		{012C3A6B-4734-4F85-9F60-23633A429223}.Debug|x86.ActiveCfg = Debug|Any CPU
		{012C3A6B-4734-4F85-9F60-23633A429223}.Debug|x86.Build.0 = Debug|Any CPU
		{012C3A6B-4734-4F85-9F60-23633A429223}.Release|Any CPU.ActiveCfg = Release|Any CPU
		{012C3A6B-4734-4F85-9F60-23633A429223}.Release|Any CPU.Build.0 = Release|Any CPU
		{012C3A6B-4734-4F85-9F60-23633A429223}.Release|x64.ActiveCfg = Release|Any CPU
		{012C3A6B-4734-4F85-9F60-23633A429223}.Release|x64.Build.0 = Release|Any CPU
		{012C3A6B-4734-4F85-9F60-23633A429223}.Release|x86.ActiveCfg = Release|Any CPU
		{012C3A6B-4734-4F85-9F60-23633A429223}.Release|x86.Build.0 = Release|Any CPU
		{1932C29F-3AFB-4C61-903F-BAD5DF3BCA3A}.Debug|Any CPU.ActiveCfg = Debug|Any CPU
		{1932C29F-3AFB-4C61-903F-BAD5DF3BCA3A}.Debug|Any CPU.Build.0 = Debug|Any CPU
		{1932C29F-3AFB-4C61-903F-BAD5DF3BCA3A}.Debug|x64.ActiveCfg = Debug|Any CPU
		{1932C29F-3AFB-4C61-903F-BAD5DF3BCA3A}.Debug|x64.Build.0 = Debug|Any CPU
		{1932C29F-3AFB-4C61-903F-BAD5DF3BCA3A}.Debug|x86.ActiveCfg = Debug|Any CPU
		{1932C29F-3AFB-4C61-903F-BAD5DF3BCA3A}.Debug|x86.Build.0 = Debug|Any CPU
		{1932C29F-3AFB-4C61-903F-BAD5DF3BCA3A}.Release|Any CPU.ActiveCfg = Release|Any CPU
		{1932C29F-3AFB-4C61-903F-BAD5DF3BCA3A}.Release|Any CPU.Build.0 = Release|Any CPU
		{1932C29F-3AFB-4C61-903F-BAD5DF3BCA3A}.Release|x64.ActiveCfg = Release|Any CPU
		{1932C29F-3AFB-4C61-903F-BAD5DF3BCA3A}.Release|x64.Build.0 = Release|Any CPU
		{1932C29F-3AFB-4C61-903F-BAD5DF3BCA3A}.Release|x86.ActiveCfg = Release|Any CPU
		{1932C29F-3AFB-4C61-903F-BAD5DF3BCA3A}.Release|x86.Build.0 = Release|Any CPU
	EndGlobalSection
EndGlobal
